
Microsoft Visual Studio Solution File, Format Version 12.00
# Visual Studio Version 17
VisualStudioVersion = 17.5.33530.505
MinimumVisualStudioVersion = 10.0.40219.1
Project("{9A19103F-16F7-4668-BE54-9A1E7A4F7556}") = "RecipesAPIs", "RecipesAPIs\RecipesAPIs.csproj", "{8A0A206D-2F54-4D24-9BF3-E0D2CEB991BD}"
EndProject
Project("{FAE04EC0-301F-11D3-BF4B-00C04F79EFBC}") = "Recipes.Tests", "Recipes.Tests\Recipes.Tests.csproj", "{E57A0BC9-D869-4785-B01B-A6D7DAAC3171}"
EndProject
Global
	GlobalSection(SolutionConfigurationPlatforms) = preSolution
		Debug|Any CPU = Debug|Any CPU
		Release|Any CPU = Release|Any CPU
	EndGlobalSection
	GlobalSection(ProjectConfigurationPlatforms) = postSolution
		{8A0A206D-2F54-4D24-9BF3-E0D2CEB991BD}.Debug|Any CPU.ActiveCfg = Debug|Any CPU
		{8A0A206D-2F54-4D24-9BF3-E0D2CEB991BD}.Debug|Any CPU.Build.0 = Debug|Any CPU
		{8A0A206D-2F54-4D24-9BF3-E0D2CEB991BD}.Release|Any CPU.ActiveCfg = Release|Any CPU
		{8A0A206D-2F54-4D24-9BF3-E0D2CEB991BD}.Release|Any CPU.Build.0 = Release|Any CPU
		{E57A0BC9-D869-4785-B01B-A6D7DAAC3171}.Debug|Any CPU.ActiveCfg = Debug|Any CPU
		{E57A0BC9-D869-4785-B01B-A6D7DAAC3171}.Debug|Any CPU.Build.0 = Debug|Any CPU
		{E57A0BC9-D869-4785-B01B-A6D7DAAC3171}.Release|Any CPU.ActiveCfg = Release|Any CPU
		{E57A0BC9-D869-4785-B01B-A6D7DAAC3171}.Release|Any CPU.Build.0 = Release|Any CPU
	EndGlobalSection
	GlobalSection(SolutionProperties) = preSolution
		HideSolutionNode = FALSE
	EndGlobalSection
	GlobalSection(ExtensibilityGlobals) = postSolution
		SolutionGuid = {8ABA86E4-C448-422D-8B78-95EF70A525BE}
	EndGlobalSection
EndGlobal
